
Microsoft Visual Studio Solution File, Format Version 12.00
# Visual Studio Version 16
VisualStudioVersion = 16.0.29609.76
MinimumVisualStudioVersion = 10.0.40219.1
Project("{FAE04EC0-301F-11D3-BF4B-00C04F79EFBC}") = "ITLabNET", "ITLabNET\ITLabNET.csproj", "{6BE99910-1E3C-42A6-A6F6-D806FB87A63F}"
EndProject
Global
	GlobalSection(SolutionConfigurationPlatforms) = preSolution
		Debug|Any CPU = Debug|Any CPU
		Release|Any CPU = Release|Any CPU
	EndGlobalSection
	GlobalSection(ProjectConfigurationPlatforms) = postSolution
		{6BE99910-1E3C-42A6-A6F6-D806FB87A63F}.Debug|Any CPU.ActiveCfg = Debug|Any CPU
		{6BE99910-1E3C-42A6-A6F6-D806FB87A63F}.Debug|Any CPU.Build.0 = Debug|Any CPU
		{6BE99910-1E3C-42A6-A6F6-D806FB87A63F}.Release|Any CPU.ActiveCfg = Release|Any CPU
		{6BE99910-1E3C-42A6-A6F6-D806FB87A63F}.Release|Any CPU.Build.0 = Release|Any CPU
	EndGlobalSection
	GlobalSection(SolutionProperties) = preSolution
		HideSolutionNode = FALSE
	EndGlobalSection
	GlobalSection(ExtensibilityGlobals) = postSolution
		SolutionGuid = {069E5E86-D45C-4A43-BF30-44B3380AF2EB}
	EndGlobalSection
EndGlobal
